
Microsoft Visual Studio Solution File, Format Version 12.00
# Visual Studio Version 17
VisualStudioVersion = 17.0.31919.166
MinimumVisualStudioVersion = 10.0.40219.1
Project("{FAE04EC0-301F-11D3-BF4B-00C04F79EFBC}") = "StoreShop.Function", "StoreShop.Function.csproj", "{29EF5E4D-FC3A-4041-80EC-5E79551F208F}"
EndProject
Global
	GlobalSection(SolutionConfigurationPlatforms) = preSolution
		Debug|Any CPU = Debug|Any CPU
		Release|Any CPU = Release|Any CPU
	EndGlobalSection
	GlobalSection(ProjectConfigurationPlatforms) = postSolution
		{29EF5E4D-FC3A-4041-80EC-5E79551F208F}.Debug|Any CPU.ActiveCfg = Debug|Any CPU
		{29EF5E4D-FC3A-4041-80EC-5E79551F208F}.Debug|Any CPU.Build.0 = Debug|Any CPU
		{29EF5E4D-FC3A-4041-80EC-5E79551F208F}.Release|Any CPU.ActiveCfg = Release|Any CPU
		{29EF5E4D-FC3A-4041-80EC-5E79551F208F}.Release|Any CPU.Build.0 = Release|Any CPU
	EndGlobalSection
	GlobalSection(SolutionProperties) = preSolution
		HideSolutionNode = FALSE
	EndGlobalSection
	GlobalSection(ExtensibilityGlobals) = postSolution
		SolutionGuid = {D15F6A80-6536-429C-B4A1-C64F7D25BA99}
	EndGlobalSection
EndGlobal
